
Microsoft Visual Studio Solution File, Format Version 12.00
# Visual Studio Version 16
VisualStudioVersion = 16.0.29503.13
MinimumVisualStudioVersion = 10.0.40219.1
Project("{FAE04EC0-301F-11D3-BF4B-00C04F79EFBC}") = "BattleShip", "BattleShip\BattleShip.csproj", "{0E5B6D3F-3E61-4F2D-8414-35B130D5081D}"
EndProject
Project("{FAE04EC0-301F-11D3-BF4B-00C04F79EFBC}") = "BattleShipGameWPF", "BattleShipGameWPF\BattleShipGameWPF.csproj", "{E8D644F8-B368-48F9-BB94-AB7F2C5E6E70}"
EndProject
Global
	GlobalSection(SolutionConfigurationPlatforms) = preSolution
		Debug|Any CPU = Debug|Any CPU
		Release|Any CPU = Release|Any CPU
	EndGlobalSection
	GlobalSection(ProjectConfigurationPlatforms) = postSolution
		{0E5B6D3F-3E61-4F2D-8414-35B130D5081D}.Debug|Any CPU.ActiveCfg = Debug|Any CPU
		{0E5B6D3F-3E61-4F2D-8414-35B130D5081D}.Debug|Any CPU.Build.0 = Debug|Any CPU
		{0E5B6D3F-3E61-4F2D-8414-35B130D5081D}.Release|Any CPU.ActiveCfg = Release|Any CPU
		{0E5B6D3F-3E61-4F2D-8414-35B130D5081D}.Release|Any CPU.Build.0 = Release|Any CPU
		{E8D644F8-B368-48F9-BB94-AB7F2C5E6E70}.Debug|Any CPU.ActiveCfg = Debug|Any CPU
		{E8D644F8-B368-48F9-BB94-AB7F2C5E6E70}.Debug|Any CPU.Build.0 = Debug|Any CPU
		{E8D644F8-B368-48F9-BB94-AB7F2C5E6E70}.Release|Any CPU.ActiveCfg = Release|Any CPU
		{E8D644F8-B368-48F9-BB94-AB7F2C5E6E70}.Release|Any CPU.Build.0 = Release|Any CPU
	EndGlobalSection
	GlobalSection(SolutionProperties) = preSolution
		HideSolutionNode = FALSE
	EndGlobalSection
	GlobalSection(ExtensibilityGlobals) = postSolution
		SolutionGuid = {448A31A5-6122-419A-B0E8-F937335EA2A8}
	EndGlobalSection
EndGlobal
